{
  "requires": true,
  "lockfileVersion": 1,
  "dependencies": {
    "ar-rtc-sdk": {
      "version": "4.2.1-fixed.1",
      "resolved": "https://registry.npmjs.org/ar-rtc-sdk/-/ar-rtc-sdk-4.2.1-fixed.1.tgz",
      "integrity": "sha512-8TO9NQm0nfgXkRzpUihp/gPrYECV2lQ3uHz3m77ZvQDgXyDaISHQDTZ0dFt3/ZDZFaC4A+zKjqqtnzheNBz1dg=="
    }
  }
}
